// !$*UTF8*$!
{
	archiveVersion = 1;
	classes = {
	};
	objectVersion = 50;
	objects = {

/* Begin PBXBuildFile section */
		5308B0A62485880E00A15E36 /* MenuModel.swift in Sources */ = {isa = PBXBuildFile; fileRef = 5308B0A52485880E00A15E36 /* MenuModel.swift */; };
		5308B0A82485900A00A15E36 /* LiveClassView.swift in Sources */ = {isa = PBXBuildFile; fileRef = 5308B0A72485900A00A15E36 /* LiveClassView.swift */; };
		5308B0AA2485907100A15E36 /* HeaderCollectionView.swift in Sources */ = {isa = PBXBuildFile; fileRef = 5308B0A92485907100A15E36 /* HeaderCollectionView.swift */; };
		5308B0AC2485943C00A15E36 /* LiveClassCell.swift in Sources */ = {isa = PBXBuildFile; fileRef = 5308B0AB2485943C00A15E36 /* LiveClassCell.swift */; };
		5308B0AE2485A1B100A15E36 /* LiveClassModel.swift in Sources */ = {isa = PBXBuildFile; fileRef = 5308B0AD2485A1B100A15E36 /* LiveClassModel.swift */; };
		5308B0B02485BE0100A15E36 /* ProjectCell.swift in Sources */ = {isa = PBXBuildFile; fileRef = 5308B0AF2485BE0100A15E36 /* ProjectCell.swift */; };
		5308B0B22485BE3D00A15E36 /* ProjectModel.swift in Sources */ = {isa = PBXBuildFile; fileRef = 5308B0B12485BE3D00A15E36 /* ProjectModel.swift */; };
		5308B0B42486300300A15E36 /* ProjectView.swift in Sources */ = {isa = PBXBuildFile; fileRef = 5308B0B32486300300A15E36 /* ProjectView.swift */; };
		53231D08247A9EAF009E3E84 /* ClassVC.swift in Sources */ = {isa = PBXBuildFile; fileRef = 53231D07247A9EAF009E3E84 /* ClassVC.swift */; };
		53231D0A247A9ED1009E3E84 /* ClassView.swift in Sources */ = {isa = PBXBuildFile; fileRef = 53231D09247A9ED1009E3E84 /* ClassView.swift */; };
		53231D0E247AD17A009E3E84 /* Colors.swift in Sources */ = {isa = PBXBuildFile; fileRef = 53231D0D247AD17A009E3E84 /* Colors.swift */; };
		53231D11247B6DDF009E3E84 /* MenuCell.swift in Sources */ = {isa = PBXBuildFile; fileRef = 53231D10247B6DDF009E3E84 /* MenuCell.swift */; };
		53231D18247B741C009E3E84 /* Constants.swift in Sources */ = {isa = PBXBuildFile; fileRef = 53231D17247B741C009E3E84 /* Constants.swift */; };
		53231D1A247B8936009E3E84 /* ChallengesView.swift in Sources */ = {isa = PBXBuildFile; fileRef = 53231D19247B8936009E3E84 /* ChallengesView.swift */; };
		53231D1C247B9E15009E3E84 /* ChallengeCell.swift in Sources */ = {isa = PBXBuildFile; fileRef = 53231D1B247B9E15009E3E84 /* ChallengeCell.swift */; };
		53231D1E247BB558009E3E84 /* ChallengeModel.swift in Sources */ = {isa = PBXBuildFile; fileRef = 53231D1D247BB558009E3E84 /* ChallengeModel.swift */; };
		534A93FE2477A4FB00D1F6D8 /* AppDelegate.swift in Sources */ = {isa = PBXBuildFile; fileRef = 534A93FD2477A4FB00D1F6D8 /* AppDelegate.swift */; };
		534A94002477A4FB00D1F6D8 /* SceneDelegate.swift in Sources */ = {isa = PBXBuildFile; fileRef = 534A93FF2477A4FB00D1F6D8 /* SceneDelegate.swift */; };
		534A94072477A4FC00D1F6D8 /* Assets.xcassets in Resources */ = {isa = PBXBuildFile; fileRef = 534A94062477A4FC00D1F6D8 /* Assets.xcassets */; };
		534A940A2477A4FC00D1F6D8 /* LaunchScreen.storyboard in Resources */ = {isa = PBXBuildFile; fileRef = 534A94082477A4FC00D1F6D8 /* LaunchScreen.storyboard */; };
		53EFFB462486573D0079291B /* LearnVC.swift in Sources */ = {isa = PBXBuildFile; fileRef = 53EFFB452486573D0079291B /* LearnVC.swift */; };
		53EFFB4A248657730079291B /* LearnView.swift in Sources */ = {isa = PBXBuildFile; fileRef = 53EFFB49248657730079291B /* LearnView.swift */; };
		53EFFB4F24865AB20079291B /* DataModel.xcdatamodeld in Sources */ = {isa = PBXBuildFile; fileRef = 53EFFB4D24865AB20079291B /* DataModel.xcdatamodeld */; };
		53EFFB5224865BA80079291B /* DummyCategoryLearnModel.swift in Sources */ = {isa = PBXBuildFile; fileRef = 53EFFB5124865BA80079291B /* DummyCategoryLearnModel.swift */; };
		53EFFB5424865BB80079291B /* DummyTopicLearnModel.swift in Sources */ = {isa = PBXBuildFile; fileRef = 53EFFB5324865BB80079291B /* DummyTopicLearnModel.swift */; };
		53EFFB56248687970079291B /* PersistenceService.swift in Sources */ = {isa = PBXBuildFile; fileRef = 53EFFB55248687970079291B /* PersistenceService.swift */; };
		53EFFB5A24868B2C0079291B /* LearnRepository.swift in Sources */ = {isa = PBXBuildFile; fileRef = 53EFFB5924868B2C0079291B /* LearnRepository.swift */; };
		53EFFB5C24868C5F0079291B /* LearnService.swift in Sources */ = {isa = PBXBuildFile; fileRef = 53EFFB5B24868C5F0079291B /* LearnService.swift */; };
		53EFFB5E24869B960079291B /* HeaderCategoryLearnReusableView.swift in Sources */ = {isa = PBXBuildFile; fileRef = 53EFFB5D24869B960079291B /* HeaderCategoryLearnReusableView.swift */; };
		912BB2E42477C5C4005733A1 /* OnboardingViewController.swift in Sources */ = {isa = PBXBuildFile; fileRef = 912BB2E32477C5C4005733A1 /* OnboardingViewController.swift */; };
		912BB2E62477C5D5005733A1 /* OnboardingViewCell.swift in Sources */ = {isa = PBXBuildFile; fileRef = 912BB2E52477C5D5005733A1 /* OnboardingViewCell.swift */; };
		912BB2E82477C5E4005733A1 /* LoginScreen.swift in Sources */ = {isa = PBXBuildFile; fileRef = 912BB2E72477C5E4005733A1 /* LoginScreen.swift */; };
		912BB2EA2477C5F5005733A1 /* LoginField.swift in Sources */ = {isa = PBXBuildFile; fileRef = 912BB2E92477C5F5005733A1 /* LoginField.swift */; };
		912BB2EC2477C618005733A1 /* Extension.swift in Sources */ = {isa = PBXBuildFile; fileRef = 912BB2EB2477C618005733A1 /* Extension.swift */; };
/* End PBXBuildFile section */

/* Begin PBXFileReference section */
		5308B0A52485880E00A15E36 /* MenuModel.swift */ = {isa = PBXFileReference; lastKnownFileType = sourcecode.swift; path = MenuModel.swift; sourceTree = "<group>"; };
		5308B0A72485900A00A15E36 /* LiveClassView.swift */ = {isa = PBXFileReference; lastKnownFileType = sourcecode.swift; path = LiveClassView.swift; sourceTree = "<group>"; };
		5308B0A92485907100A15E36 /* HeaderCollectionView.swift */ = {isa = PBXFileReference; lastKnownFileType = sourcecode.swift; path = HeaderCollectionView.swift; sourceTree = "<group>"; };
		5308B0AB2485943C00A15E36 /* LiveClassCell.swift */ = {isa = PBXFileReference; lastKnownFileType = sourcecode.swift; path = LiveClassCell.swift; sourceTree = "<group>"; };
		5308B0AD2485A1B100A15E36 /* LiveClassModel.swift */ = {isa = PBXFileReference; lastKnownFileType = sourcecode.swift; path = LiveClassModel.swift; sourceTree = "<group>"; };
		5308B0AF2485BE0100A15E36 /* ProjectCell.swift */ = {isa = PBXFileReference; lastKnownFileType = sourcecode.swift; path = ProjectCell.swift; sourceTree = "<group>"; };
		5308B0B12485BE3D00A15E36 /* ProjectModel.swift */ = {isa = PBXFileReference; lastKnownFileType = sourcecode.swift; path = ProjectModel.swift; sourceTree = "<group>"; };
		5308B0B32486300300A15E36 /* ProjectView.swift */ = {isa = PBXFileReference; lastKnownFileType = sourcecode.swift; path = ProjectView.swift; sourceTree = "<group>"; };
		53231D07247A9EAF009E3E84 /* ClassVC.swift */ = {isa = PBXFileReference; lastKnownFileType = sourcecode.swift; path = ClassVC.swift; sourceTree = "<group>"; };
		53231D09247A9ED1009E3E84 /* ClassView.swift */ = {isa = PBXFileReference; lastKnownFileType = sourcecode.swift; path = ClassView.swift; sourceTree = "<group>"; };
		53231D0D247AD17A009E3E84 /* Colors.swift */ = {isa = PBXFileReference; lastKnownFileType = sourcecode.swift; path = Colors.swift; sourceTree = "<group>"; };
		53231D10247B6DDF009E3E84 /* MenuCell.swift */ = {isa = PBXFileReference; lastKnownFileType = sourcecode.swift; path = MenuCell.swift; sourceTree = "<group>"; };
		53231D17247B741C009E3E84 /* Constants.swift */ = {isa = PBXFileReference; lastKnownFileType = sourcecode.swift; path = Constants.swift; sourceTree = "<group>"; };
		53231D19247B8936009E3E84 /* ChallengesView.swift */ = {isa = PBXFileReference; lastKnownFileType = sourcecode.swift; path = ChallengesView.swift; sourceTree = "<group>"; };
		53231D1B247B9E15009E3E84 /* ChallengeCell.swift */ = {isa = PBXFileReference; lastKnownFileType = sourcecode.swift; path = ChallengeCell.swift; sourceTree = "<group>"; };
		53231D1D247BB558009E3E84 /* ChallengeModel.swift */ = {isa = PBXFileReference; lastKnownFileType = sourcecode.swift; path = ChallengeModel.swift; sourceTree = "<group>"; };
		534A93FA2477A4FB00D1F6D8 /* owl.app */ = {isa = PBXFileReference; explicitFileType = wrapper.application; includeInIndex = 0; path = owl.app; sourceTree = BUILT_PRODUCTS_DIR; };
		534A93FD2477A4FB00D1F6D8 /* AppDelegate.swift */ = {isa = PBXFileReference; lastKnownFileType = sourcecode.swift; path = AppDelegate.swift; sourceTree = "<group>"; };
		534A93FF2477A4FB00D1F6D8 /* SceneDelegate.swift */ = {isa = PBXFileReference; lastKnownFileType = sourcecode.swift; path = SceneDelegate.swift; sourceTree = "<group>"; };
		534A94062477A4FC00D1F6D8 /* Assets.xcassets */ = {isa = PBXFileReference; lastKnownFileType = folder.assetcatalog; path = Assets.xcassets; sourceTree = "<group>"; };
		534A94092477A4FC00D1F6D8 /* Base */ = {isa = PBXFileReference; lastKnownFileType = file.storyboard; name = Base; path = Base.lproj/LaunchScreen.storyboard; sourceTree = "<group>"; };
		534A940B2477A4FC00D1F6D8 /* Info.plist */ = {isa = PBXFileReference; lastKnownFileType = text.plist.xml; path = Info.plist; sourceTree = "<group>"; };
		53EFFB452486573D0079291B /* LearnVC.swift */ = {isa = PBXFileReference; lastKnownFileType = sourcecode.swift; path = LearnVC.swift; sourceTree = "<group>"; };
		53EFFB49248657730079291B /* LearnView.swift */ = {isa = PBXFileReference; lastKnownFileType = sourcecode.swift; path = LearnView.swift; sourceTree = "<group>"; };
		53EFFB4E24865AB20079291B /* Model.xcdatamodel */ = {isa = PBXFileReference; lastKnownFileType = wrapper.xcdatamodel; path = Model.xcdatamodel; sourceTree = "<group>"; };
		53EFFB5124865BA80079291B /* DummyCategoryLearnModel.swift */ = {isa = PBXFileReference; lastKnownFileType = sourcecode.swift; path = DummyCategoryLearnModel.swift; sourceTree = "<group>"; };
		53EFFB5324865BB80079291B /* DummyTopicLearnModel.swift */ = {isa = PBXFileReference; lastKnownFileType = sourcecode.swift; path = DummyTopicLearnModel.swift; sourceTree = "<group>"; };
		53EFFB55248687970079291B /* PersistenceService.swift */ = {isa = PBXFileReference; lastKnownFileType = sourcecode.swift; path = PersistenceService.swift; sourceTree = "<group>"; };
		53EFFB5924868B2C0079291B /* LearnRepository.swift */ = {isa = PBXFileReference; lastKnownFileType = sourcecode.swift; path = LearnRepository.swift; sourceTree = "<group>"; };
		53EFFB5B24868C5F0079291B /* LearnService.swift */ = {isa = PBXFileReference; lastKnownFileType = sourcecode.swift; path = LearnService.swift; sourceTree = "<group>"; };
		53EFFB5D24869B960079291B /* HeaderCategoryLearnReusableView.swift */ = {isa = PBXFileReference; lastKnownFileType = sourcecode.swift; path = HeaderCategoryLearnReusableView.swift; sourceTree = "<group>"; };
		912BB2E32477C5C4005733A1 /* OnboardingViewController.swift */ = {isa = PBXFileReference; lastKnownFileType = sourcecode.swift; path = OnboardingViewController.swift; sourceTree = "<group>"; };
		912BB2E52477C5D5005733A1 /* OnboardingViewCell.swift */ = {isa = PBXFileReference; lastKnownFileType = sourcecode.swift; path = OnboardingViewCell.swift; sourceTree = "<group>"; };
		912BB2E72477C5E4005733A1 /* LoginScreen.swift */ = {isa = PBXFileReference; lastKnownFileType = sourcecode.swift; path = LoginScreen.swift; sourceTree = "<group>"; };
		912BB2E92477C5F5005733A1 /* LoginField.swift */ = {isa = PBXFileReference; lastKnownFileType = sourcecode.swift; path = LoginField.swift; sourceTree = "<group>"; };
		912BB2EB2477C618005733A1 /* Extension.swift */ = {isa = PBXFileReference; lastKnownFileType = sourcecode.swift; path = Extension.swift; sourceTree = "<group>"; };
/* End PBXFileReference section */

/* Begin PBXFrameworksBuildPhase section */
		534A93F72477A4FB00D1F6D8 /* Frameworks */ = {
			isa = PBXFrameworksBuildPhase;
			buildActionMask = 2147483647;
			files = (
			);
			runOnlyForDeploymentPostprocessing = 0;
		};
/* End PBXFrameworksBuildPhase section */

/* Begin PBXGroup section */
		53231D03247A9DE5009E3E84 /* Utils */ = {
			isa = PBXGroup;
			children = (
				912BB2EB2477C618005733A1 /* Extension.swift */,
				53231D0D247AD17A009E3E84 /* Colors.swift */,
				53231D17247B741C009E3E84 /* Constants.swift */,
			);
			path = Utils;
			sourceTree = "<group>";
		};
		53231D04247A9DF3009E3E84 /* On Boarding */ = {
			isa = PBXGroup;
			children = (
				912BB2E32477C5C4005733A1 /* OnboardingViewController.swift */,
				912BB2E52477C5D5005733A1 /* OnboardingViewCell.swift */,
			);
			path = "On Boarding";
			sourceTree = "<group>";
		};
		53231D05247A9E02009E3E84 /* Login */ = {
			isa = PBXGroup;
			children = (
				912BB2E72477C5E4005733A1 /* LoginScreen.swift */,
				912BB2E92477C5F5005733A1 /* LoginField.swift */,
			);
			path = Login;
			sourceTree = "<group>";
		};
		53231D06247A9E7F009E3E84 /* Class */ = {
			isa = PBXGroup;
			children = (
				53EFFB4C248657FC0079291B /* Controller */,
				53231D12247B6E20009E3E84 /* View */,
				53231D13247B6E28009E3E84 /* Model */,
			);
			path = Class;
			sourceTree = "<group>";
		};
		53231D0F247B07E9009E3E84 /* Cell */ = {
			isa = PBXGroup;
			children = (
				53231D10247B6DDF009E3E84 /* MenuCell.swift */,
				5308B0AB2485943C00A15E36 /* LiveClassCell.swift */,
				5308B0AF2485BE0100A15E36 /* ProjectCell.swift */,
			);
			path = Cell;
			sourceTree = "<group>";
		};
		53231D12247B6E20009E3E84 /* View */ = {
			isa = PBXGroup;
			children = (
				53231D0F247B07E9009E3E84 /* Cell */,
				53231D09247A9ED1009E3E84 /* ClassView.swift */,
				5308B0A72485900A00A15E36 /* LiveClassView.swift */,
				5308B0A92485907100A15E36 /* HeaderCollectionView.swift */,
				5308B0B32486300300A15E36 /* ProjectView.swift */,
			);
			path = View;
			sourceTree = "<group>";
		};
		53231D13247B6E28009E3E84 /* Model */ = {
			isa = PBXGroup;
			children = (
				53231D1D247BB558009E3E84 /* ChallengeModel.swift */,
				5308B0A52485880E00A15E36 /* MenuModel.swift */,
				5308B0AD2485A1B100A15E36 /* LiveClassModel.swift */,
				5308B0B12485BE3D00A15E36 /* ProjectModel.swift */,
			);
			path = Model;
			sourceTree = "<group>";
		};
		534A93F12477A4FB00D1F6D8 = {
			isa = PBXGroup;
			children = (
				534A93FC2477A4FB00D1F6D8 /* owl */,
				534A93FB2477A4FB00D1F6D8 /* Products */,
			);
			sourceTree = "<group>";
		};
		534A93FB2477A4FB00D1F6D8 /* Products */ = {
			isa = PBXGroup;
			children = (
				534A93FA2477A4FB00D1F6D8 /* owl.app */,
			);
			name = Products;
			sourceTree = "<group>";
		};
		534A93FC2477A4FB00D1F6D8 /* owl */ = {
			isa = PBXGroup;
			children = (
				534A93FD2477A4FB00D1F6D8 /* AppDelegate.swift */,
				534A93FF2477A4FB00D1F6D8 /* SceneDelegate.swift */,
				53231D03247A9DE5009E3E84 /* Utils */,
				53231D04247A9DF3009E3E84 /* On Boarding */,
				53231D05247A9E02009E3E84 /* Login */,
				53231D06247A9E7F009E3E84 /* Class */,
				53EFFB44248657110079291B /* Learn */,
				53EFFB4B248657CB0079291B /* Challenge */,
				53EFFB4D24865AB20079291B /* DataModel.xcdatamodeld */,
				53EFFB55248687970079291B /* PersistenceService.swift */,
				534A94062477A4FC00D1F6D8 /* Assets.xcassets */,
				534A94082477A4FC00D1F6D8 /* LaunchScreen.storyboard */,
				534A940B2477A4FC00D1F6D8 /* Info.plist */,
			);
			path = owl;
			sourceTree = "<group>";
		};
		53EFFB44248657110079291B /* Learn */ = {
			isa = PBXGroup;
			children = (
				53EFFB47248657450079291B /* Controllers */,
				53EFFB5024865B720079291B /* Models */,
				53EFFB57248688C50079291B /* Repository */,
			);
			path = Learn;
			sourceTree = "<group>";
		};
		53EFFB47248657450079291B /* Controllers */ = {
			isa = PBXGroup;
			children = (
				53EFFB482486574F0079291B /* Views */,
				53EFFB452486573D0079291B /* LearnVC.swift */,
			);
			path = Controllers;
			sourceTree = "<group>";
		};
		53EFFB482486574F0079291B /* Views */ = {
			isa = PBXGroup;
			children = (
				53EFFB49248657730079291B /* LearnView.swift */,
				53EFFB5D24869B960079291B /* HeaderCategoryLearnReusableView.swift */,
			);
			path = Views;
			sourceTree = "<group>";
		};
		53EFFB4B248657CB0079291B /* Challenge */ = {
			isa = PBXGroup;
			children = (
				53231D1B247B9E15009E3E84 /* ChallengeCell.swift */,
				53231D19247B8936009E3E84 /* ChallengesView.swift */,
			);
			path = Challenge;
			sourceTree = "<group>";
		};
		53EFFB4C248657FC0079291B /* Controller */ = {
			isa = PBXGroup;
			children = (
				53231D07247A9EAF009E3E84 /* ClassVC.swift */,
			);
			path = Controller;
			sourceTree = "<group>";
		};
		53EFFB5024865B720079291B /* Models */ = {
			isa = PBXGroup;
			children = (
				53EFFB5124865BA80079291B /* DummyCategoryLearnModel.swift */,
				53EFFB5324865BB80079291B /* DummyTopicLearnModel.swift */,
			);
			path = Models;
			sourceTree = "<group>";
		};
		53EFFB57248688C50079291B /* Repository */ = {
			isa = PBXGroup;
			children = (
				53EFFB5924868B2C0079291B /* LearnRepository.swift */,
				53EFFB5B24868C5F0079291B /* LearnService.swift */,
			);
			path = Repository;
			sourceTree = "<group>";
		};
/* End PBXGroup section */

/* Begin PBXNativeTarget section */
		534A93F92477A4FB00D1F6D8 /* owl */ = {
			isa = PBXNativeTarget;
			buildConfigurationList = 534A940E2477A4FC00D1F6D8 /* Build configuration list for PBXNativeTarget "owl" */;
			buildPhases = (
				534A93F62477A4FB00D1F6D8 /* Sources */,
				534A93F72477A4FB00D1F6D8 /* Frameworks */,
				534A93F82477A4FB00D1F6D8 /* Resources */,
			);
			buildRules = (
			);
			dependencies = (
			);
			name = owl;
			productName = owl;
			productReference = 534A93FA2477A4FB00D1F6D8 /* owl.app */;
			productType = "com.apple.product-type.application";
		};
/* End PBXNativeTarget section */

/* Begin PBXProject section */
		534A93F22477A4FB00D1F6D8 /* Project object */ = {
			isa = PBXProject;
			attributes = {
				LastSwiftUpdateCheck = 1130;
				LastUpgradeCheck = 1130;
				ORGANIZATIONNAME = "Reynaldi Wijaya";
				TargetAttributes = {
					534A93F92477A4FB00D1F6D8 = {
						CreatedOnToolsVersion = 11.3.1;
					};
				};
			};
			buildConfigurationList = 534A93F52477A4FB00D1F6D8 /* Build configuration list for PBXProject "owl" */;
			compatibilityVersion = "Xcode 9.3";
			developmentRegion = en;
			hasScannedForEncodings = 0;
			knownRegions = (
				en,
				Base,
			);
			mainGroup = 534A93F12477A4FB00D1F6D8;
			productRefGroup = 534A93FB2477A4FB00D1F6D8 /* Products */;
			projectDirPath = "";
			projectRoot = "";
			targets = (
				534A93F92477A4FB00D1F6D8 /* owl */,
			);
		};
/* End PBXProject section */

/* Begin PBXResourcesBuildPhase section */
		534A93F82477A4FB00D1F6D8 /* Resources */ = {
			isa = PBXResourcesBuildPhase;
			buildActionMask = 2147483647;
			files = (
				534A940A2477A4FC00D1F6D8 /* LaunchScreen.storyboard in Resources */,
				534A94072477A4FC00D1F6D8 /* Assets.xcassets in Resources */,
			);
			runOnlyForDeploymentPostprocessing = 0;
		};
/* End PBXResourcesBuildPhase section */

/* Begin PBXSourcesBuildPhase section */
		534A93F62477A4FB00D1F6D8 /* Sources */ = {
			isa = PBXSourcesBuildPhase;
			buildActionMask = 2147483647;
			files = (
				53EFFB56248687970079291B /* PersistenceService.swift in Sources */,
				53EFFB4A248657730079291B /* LearnView.swift in Sources */,
				912BB2E62477C5D5005733A1 /* OnboardingViewCell.swift in Sources */,
				53231D1C247B9E15009E3E84 /* ChallengeCell.swift in Sources */,
				5308B0A62485880E00A15E36 /* MenuModel.swift in Sources */,
				53231D0E247AD17A009E3E84 /* Colors.swift in Sources */,
				534A93FE2477A4FB00D1F6D8 /* AppDelegate.swift in Sources */,
				53EFFB5E24869B960079291B /* HeaderCategoryLearnReusableView.swift in Sources */,
				534A94002477A4FB00D1F6D8 /* SceneDelegate.swift in Sources */,
				53EFFB5424865BB80079291B /* DummyTopicLearnModel.swift in Sources */,
				5308B0AC2485943C00A15E36 /* LiveClassCell.swift in Sources */,
				912BB2E42477C5C4005733A1 /* OnboardingViewController.swift in Sources */,
				53EFFB5C24868C5F0079291B /* LearnService.swift in Sources */,
				5308B0AA2485907100A15E36 /* HeaderCollectionView.swift in Sources */,
				53231D1A247B8936009E3E84 /* ChallengesView.swift in Sources */,
				53EFFB5224865BA80079291B /* DummyCategoryLearnModel.swift in Sources */,
				53EFFB4F24865AB20079291B /* DataModel.xcdatamodeld in Sources */,
				5308B0B02485BE0100A15E36 /* ProjectCell.swift in Sources */,
				53EFFB462486573D0079291B /* LearnVC.swift in Sources */,
				53231D0A247A9ED1009E3E84 /* ClassView.swift in Sources */,
				53231D11247B6DDF009E3E84 /* MenuCell.swift in Sources */,
				5308B0AE2485A1B100A15E36 /* LiveClassModel.swift in Sources */,
				53231D1E247BB558009E3E84 /* ChallengeModel.swift in Sources */,
				5308B0B42486300300A15E36 /* ProjectView.swift in Sources */,
				912BB2E82477C5E4005733A1 /* LoginScreen.swift in Sources */,
				5308B0A82485900A00A15E36 /* LiveClassView.swift in Sources */,
				53231D08247A9EAF009E3E84 /* ClassVC.swift in Sources */,
				53231D18247B741C009E3E84 /* Constants.swift in Sources */,
				53EFFB5A24868B2C0079291B /* LearnRepository.swift in Sources */,
				912BB2EA2477C5F5005733A1 /* LoginField.swift in Sources */,
				912BB2EC2477C618005733A1 /* Extension.swift in Sources */,
				5308B0B22485BE3D00A15E36 /* ProjectModel.swift in Sources */,
			);
			runOnlyForDeploymentPostprocessing = 0;
		};
/* End PBXSourcesBuildPhase section */

/* Begin PBXVariantGroup section */
		534A94082477A4FC00D1F6D8 /* LaunchScreen.storyboard */ = {
			isa = PBXVariantGroup;
			children = (
				534A94092477A4FC00D1F6D8 /* Base */,
			);
			name = LaunchScreen.storyboard;
			sourceTree = "<group>";
		};
/* End PBXVariantGroup section */

/* Begin XCBuildConfiguration section */
		534A940C2477A4FC00D1F6D8 /* Debug */ = {
			isa = XCBuildConfiguration;
			buildSettings = {
				ALWAYS_SEARCH_USER_PATHS = NO;
				CLANG_ANALYZER_NONNULL = YES;
				CLANG_ANALYZER_NUMBER_OBJECT_CONVERSION = YES_AGGRESSIVE;
				CLANG_CXX_LANGUAGE_STANDARD = "gnu++14";
				CLANG_CXX_LIBRARY = "libc++";
				CLANG_ENABLE_MODULES = YES;
				CLANG_ENABLE_OBJC_ARC = YES;
				CLANG_ENABLE_OBJC_WEAK = YES;
				CLANG_WARN_BLOCK_CAPTURE_AUTORELEASING = YES;
				CLANG_WARN_BOOL_CONVERSION = YES;
				CLANG_WARN_COMMA = YES;
				CLANG_WARN_CONSTANT_CONVERSION = YES;
				CLANG_WARN_DEPRECATED_OBJC_IMPLEMENTATIONS = YES;
				CLANG_WARN_DIRECT_OBJC_ISA_USAGE = YES_ERROR;
				CLANG_WARN_DOCUMENTATION_COMMENTS = YES;
				CLANG_WARN_EMPTY_BODY = YES;
				CLANG_WARN_ENUM_CONVERSION = YES;
				CLANG_WARN_INFINITE_RECURSION = YES;
				CLANG_WARN_INT_CONVERSION = YES;
				CLANG_WARN_NON_LITERAL_NULL_CONVERSION = YES;
				CLANG_WARN_OBJC_IMPLICIT_RETAIN_SELF = YES;
				CLANG_WARN_OBJC_LITERAL_CONVERSION = YES;
				CLANG_WARN_OBJC_ROOT_CLASS = YES_ERROR;
				CLANG_WARN_RANGE_LOOP_ANALYSIS = YES;
				CLANG_WARN_STRICT_PROTOTYPES = YES;
				CLANG_WARN_SUSPICIOUS_MOVE = YES;
				CLANG_WARN_UNGUARDED_AVAILABILITY = YES_AGGRESSIVE;
				CLANG_WARN_UNREACHABLE_CODE = YES;
				CLANG_WARN__DUPLICATE_METHOD_MATCH = YES;
				COPY_PHASE_STRIP = NO;
				DEBUG_INFORMATION_FORMAT = dwarf;
				ENABLE_STRICT_OBJC_MSGSEND = YES;
				ENABLE_TESTABILITY = YES;
				GCC_C_LANGUAGE_STANDARD = gnu11;
				GCC_DYNAMIC_NO_PIC = NO;
				GCC_NO_COMMON_BLOCKS = YES;
				GCC_OPTIMIZATION_LEVEL = 0;
				GCC_PREPROCESSOR_DEFINITIONS = (
					"DEBUG=1",
					"$(inherited)",
				);
				GCC_WARN_64_TO_32_BIT_CONVERSION = YES;
				GCC_WARN_ABOUT_RETURN_TYPE = YES_ERROR;
				GCC_WARN_UNDECLARED_SELECTOR = YES;
				GCC_WARN_UNINITIALIZED_AUTOS = YES_AGGRESSIVE;
				GCC_WARN_UNUSED_FUNCTION = YES;
				GCC_WARN_UNUSED_VARIABLE = YES;
				IPHONEOS_DEPLOYMENT_TARGET = 13.2;
				MTL_ENABLE_DEBUG_INFO = INCLUDE_SOURCE;
				MTL_FAST_MATH = YES;
				ONLY_ACTIVE_ARCH = YES;
				SDKROOT = iphoneos;
				SWIFT_ACTIVE_COMPILATION_CONDITIONS = DEBUG;
				SWIFT_OPTIMIZATION_LEVEL = "-Onone";
			};
			name = Debug;
		};
		534A940D2477A4FC00D1F6D8 /* Release */ = {
			isa = XCBuildConfiguration;
			buildSettings = {
				ALWAYS_SEARCH_USER_PATHS = NO;
				CLANG_ANALYZER_NONNULL = YES;
				CLANG_ANALYZER_NUMBER_OBJECT_CONVERSION = YES_AGGRESSIVE;
				CLANG_CXX_LANGUAGE_STANDARD = "gnu++14";
				CLANG_CXX_LIBRARY = "libc++";
				CLANG_ENABLE_MODULES = YES;
				CLANG_ENABLE_OBJC_ARC = YES;
				CLANG_ENABLE_OBJC_WEAK = YES;
				CLANG_WARN_BLOCK_CAPTURE_AUTORELEASING = YES;
				CLANG_WARN_BOOL_CONVERSION = YES;
				CLANG_WARN_COMMA = YES;
				CLANG_WARN_CONSTANT_CONVERSION = YES;
				CLANG_WARN_DEPRECATED_OBJC_IMPLEMENTATIONS = YES;
				CLANG_WARN_DIRECT_OBJC_ISA_USAGE = YES_ERROR;
				CLANG_WARN_DOCUMENTATION_COMMENTS = YES;
				CLANG_WARN_EMPTY_BODY = YES;
				CLANG_WARN_ENUM_CONVERSION = YES;
				CLANG_WARN_INFINITE_RECURSION = YES;
				CLANG_WARN_INT_CONVERSION = YES;
				CLANG_WARN_NON_LITERAL_NULL_CONVERSION = YES;
				CLANG_WARN_OBJC_IMPLICIT_RETAIN_SELF = YES;
				CLANG_WARN_OBJC_LITERAL_CONVERSION = YES;
				CLANG_WARN_OBJC_ROOT_CLASS = YES_ERROR;
				CLANG_WARN_RANGE_LOOP_ANALYSIS = YES;
				CLANG_WARN_STRICT_PROTOTYPES = YES;
				CLANG_WARN_SUSPICIOUS_MOVE = YES;
				CLANG_WARN_UNGUARDED_AVAILABILITY = YES_AGGRESSIVE;
				CLANG_WARN_UNREACHABLE_CODE = YES;
				CLANG_WARN__DUPLICATE_METHOD_MATCH = YES;
				COPY_PHASE_STRIP = NO;
				DEBUG_INFORMATION_FORMAT = "dwarf-with-dsym";
				ENABLE_NS_ASSERTIONS = NO;
				ENABLE_STRICT_OBJC_MSGSEND = YES;
				GCC_C_LANGUAGE_STANDARD = gnu11;
				GCC_NO_COMMON_BLOCKS = YES;
				GCC_WARN_64_TO_32_BIT_CONVERSION = YES;
				GCC_WARN_ABOUT_RETURN_TYPE = YES_ERROR;
				GCC_WARN_UNDECLARED_SELECTOR = YES;
				GCC_WARN_UNINITIALIZED_AUTOS = YES_AGGRESSIVE;
				GCC_WARN_UNUSED_FUNCTION = YES;
				GCC_WARN_UNUSED_VARIABLE = YES;
				IPHONEOS_DEPLOYMENT_TARGET = 13.2;
				MTL_ENABLE_DEBUG_INFO = NO;
				MTL_FAST_MATH = YES;
				SDKROOT = iphoneos;
				SWIFT_COMPILATION_MODE = wholemodule;
				SWIFT_OPTIMIZATION_LEVEL = "-O";
				VALIDATE_PRODUCT = YES;
			};
			name = Release;
		};
		534A940F2477A4FC00D1F6D8 /* Debug */ = {
			isa = XCBuildConfiguration;
			buildSettings = {
				ASSETCATALOG_COMPILER_APPICON_NAME = AppIcon;
				CODE_SIGN_STYLE = Automatic;
				DEVELOPMENT_TEAM = YKPQ92PAK3;
				INFOPLIST_FILE = owl/Info.plist;
				LD_RUNPATH_SEARCH_PATHS = (
					"$(inherited)",
					"@executable_path/Frameworks",
				);
				PRODUCT_BUNDLE_IDENTIFIER = com.reynaldiwijaya.owl;
				PRODUCT_NAME = "$(TARGET_NAME)";
				SWIFT_VERSION = 5.0;
				TARGETED_DEVICE_FAMILY = "1,2";
			};
			name = Debug;
		};
		534A94102477A4FC00D1F6D8 /* Release */ = {
			isa = XCBuildConfiguration;
			buildSettings = {
				ASSETCATALOG_COMPILER_APPICON_NAME = AppIcon;
				CODE_SIGN_STYLE = Automatic;
				DEVELOPMENT_TEAM = YKPQ92PAK3;
				INFOPLIST_FILE = owl/Info.plist;
				LD_RUNPATH_SEARCH_PATHS = (
					"$(inherited)",
					"@executable_path/Frameworks",
				);
				PRODUCT_BUNDLE_IDENTIFIER = com.reynaldiwijaya.owl;
				PRODUCT_NAME = "$(TARGET_NAME)";
				SWIFT_VERSION = 5.0;
				TARGETED_DEVICE_FAMILY = "1,2";
			};
			name = Release;
		};
/* End XCBuildConfiguration section */

/* Begin XCConfigurationList section */
		534A93F52477A4FB00D1F6D8 /* Build configuration list for PBXProject "owl" */ = {
			isa = XCConfigurationList;
			buildConfigurations = (
				534A940C2477A4FC00D1F6D8 /* Debug */,
				534A940D2477A4FC00D1F6D8 /* Release */,
			);
			defaultConfigurationIsVisible = 0;
			defaultConfigurationName = Release;
		};
		534A940E2477A4FC00D1F6D8 /* Build configuration list for PBXNativeTarget "owl" */ = {
			isa = XCConfigurationList;
			buildConfigurations = (
				534A940F2477A4FC00D1F6D8 /* Debug */,
				534A94102477A4FC00D1F6D8 /* Release */,
			);
			defaultConfigurationIsVisible = 0;
			defaultConfigurationName = Release;
		};
/* End XCConfigurationList section */

/* Begin XCVersionGroup section */
		53EFFB4D24865AB20079291B /* DataModel.xcdatamodeld */ = {
			isa = XCVersionGroup;
			children = (
				53EFFB4E24865AB20079291B /* Model.xcdatamodel */,
			);
			currentVersion = 53EFFB4E24865AB20079291B /* Model.xcdatamodel */;
			path = DataModel.xcdatamodeld;
			sourceTree = "<group>";
			versionGroupType = wrapper.xcdatamodel;
		};
/* End XCVersionGroup section */
	};
	rootObject = 534A93F22477A4FB00D1F6D8 /* Project object */;
}
